
Microsoft Visual Studio Solution File, Format Version 12.00
# Visual Studio Version 17
VisualStudioVersion = 17.14.36518.9 d17.14
MinimumVisualStudioVersion = 10.0.40219.1
Project("{FAE04EC0-301F-11D3-BF4B-00C04F79EFBC}") = "book2us", "book2us.csproj", "{A3957519-1B37-46DC-94E1-D519BE5A8BA5}"
EndProject
Project("{FAE04EC0-301F-11D3-BF4B-00C04F79EFBC}") = "book2us.Tests", "..\Connect2Us3.0.Tests\book2us.Tests.csproj", "{68A13BDE-2495-4E87-8E9F-E668467E7604}"
EndProject
Global
	GlobalSection(SolutionConfigurationPlatforms) = preSolution
		Debug|Any CPU = Debug|Any CPU
		Release|Any CPU = Release|Any CPU
	EndGlobalSection
	GlobalSection(ProjectConfigurationPlatforms) = postSolution
		{A3957519-1B37-46DC-94E1-D519BE5A8BA5}.Debug|Any CPU.ActiveCfg = Debug|Any CPU
		{A3957519-1B37-46DC-94E1-D519BE5A8BA5}.Debug|Any CPU.Build.0 = Debug|Any CPU
		{A3957519-1B37-46DC-94E1-D519BE5A8BA5}.Release|Any CPU.ActiveCfg = Release|Any CPU
		{A3957519-1B37-46DC-94E1-D519BE5A8BA5}.Release|Any CPU.Build.0 = Release|Any CPU
		{68A13BDE-2495-4E87-8E9F-E668467E7604}.Debug|Any CPU.ActiveCfg = Debug|Any CPU
		{68A13BDE-2495-4E87-8E9F-E668467E7604}.Debug|Any CPU.Build.0 = Debug|Any CPU
		{68A13BDE-2495-4E87-8E9F-E668467E7604}.Release|Any CPU.ActiveCfg = Release|Any CPU
		{68A13BDE-2495-4E87-8E9F-E668467E7604}.Release|Any CPU.Build.0 = Release|Any CPU
	EndGlobalSection
	GlobalSection(SolutionProperties) = preSolution
		HideSolutionNode = FALSE
	EndGlobalSection
	GlobalSection(ExtensibilityGlobals) = postSolution
		SolutionGuid = {76F22446-05F1-45E0-82D2-CE7662BDC7D5}
	EndGlobalSection
EndGlobal
